Microsoft Visual Studio Solution File, Format Version 12.00
# Visual Studio Version 17
VisualStudioVersion = 17.5.2.0
MinimumVisualStudioVersion = 10.0.40219.1
Project("{2150E333-8FDC-42A3-9474-1A3956D46DE8}") = "src", "src", "{827E0CD3-B72D-47B6-A68D-7590B98EB39B}"
EndProject
Project("{FAE04EC0-301F-11D3-BF4B-00C04F79EFBC}") = "TinySocs.Agent", "src\TinySocs.Agent\TinySocs.Agent.csproj", "{971D65C8-89C6-C804-C07C-F687CB0C40DE}"
EndProject
Global
	GlobalSection(SolutionConfigurationPlatforms) = preSolution
		Debug|Any CPU = Debug|Any CPU
		Release|Any CPU = Release|Any CPU
	EndGlobalSection
	GlobalSection(ProjectConfigurationPlatforms) = postSolution
		{971D65C8-89C6-C804-C07C-F687CB0C40DE}.Debug|Any CPU.ActiveCfg = Debug|Any CPU
		{971D65C8-89C6-C804-C07C-F687CB0C40DE}.Debug|Any CPU.Build.0 = Debug|Any CPU
		{971D65C8-89C6-C804-C07C-F687CB0C40DE}.Release|Any CPU.ActiveCfg = Release|Any CPU
		{971D65C8-89C6-C804-C07C-F687CB0C40DE}.Release|Any CPU.Build.0 = Release|Any CPU
	EndGlobalSection
	GlobalSection(SolutionProperties) = preSolution
		HideSolutionNode = FALSE
	EndGlobalSection
	GlobalSection(NestedProjects) = preSolution
		{971D65C8-89C6-C804-C07C-F687CB0C40DE} = {827E0CD3-B72D-47B6-A68D-7590B98EB39B}
	EndGlobalSection
	GlobalSection(ExtensibilityGlobals) = postSolution
		SolutionGuid = {CDF5ED20-84C4-48DF-9C32-C5C23C04270C}
	EndGlobalSection
EndGlobal
